{
    "_meta": {
        "hash": {
            "sha256": "5a51368cfb4b0baac5d31a4674308be5151c69ce83a5bb2fdcd20c847dd8ecf7"
        },
        "pipfile-spec": 6,
        "requires": {
            "python_version": "3.8"
        },
        "sources": [
            {
                "name": "pypi",
                "url": "https://pypi.org/simple",
                "verify_ssl": true
            }
        ]
    },
    "default": {
        "certifi": {
            "hashes": [
                "sha256:5930595817496dd21bb8dc35dad090f1c2cd0adfaf21204bf6732ca5d8ee34d3",
                "sha256:8fc0819f1f30ba15bdb34cceffb9ef04d99f420f68eb75d901e9560b8749fc41"
            ],
            "version": "==2020.6.20"
        },
        "chardet": {
            "hashes": [
                "sha256:84ab92ed1c4d4f16916e05906b6b75a6c0fb5db821cc65e70cbd64a3e2a5eaae",
                "sha256:fc323ffcaeaed0e0a02bf4d117757b98aed530d9ed4531e3e15460124c106691"
            ],
            "version": "==3.0.4"
        },
        "idna": {
            "hashes": [
                "sha256:b307872f855b18632ce0c21c5e45be78c0ea7ae4c15c828c20788b26921eb3f6",
                "sha256:b97d804b1e9b523befed77c48dacec60e6dcb0b5391d57af6a65a312a90648c0"
            ],
            "version": "==2.10"
        },
        "pygame": {
            "hashes": [
                "sha256:026e835dc69ab50db3f62e01884dceeee25283c04f5dbe992f059e24c11e29b3",
                "sha256:07d9f21e2aee6679bcff760b93d336ca0981000a5bb6e665708ea9f08e9c06f6",
                "sha256:134be66f54e1d588d3198f308afed3d495e5e9c1b1c36ffe71efc0afd2057eaf",
                "sha256:33795983f9fdce22b6e934f62d813364dbbd8846de25500fb9328f2a0ea619f9",
                "sha256:33b50c90559b944b466f1cd0181a3019f80f50783fe58f43369b078c0c7172ef",
                "sha256:34b03b5c411b60e1dca096f0237a59521b5cab0d32b388c5b3a00c1d371a5266",
                "sha256:545da86be8ed0f9af19e636ecf1c6ed2d2851d64abed7f1a64e517abb2f3058b",
                "sha256:54b55f9f2fcf80aaf8c8ce2fd465e1b5cac948ccbd5a1d74561e63a9d9abd5f5",
                "sha256:587a5d52ba71ea16b299dce672d8d986364c9a4b0640fef49351839fa14a5950",
                "sha256:7183302b00706ed6a886fac9775fb7f44e7a96b60aab75c73473a763a19f62b8",
                "sha256:72238e9681713e68576483c8e8d7ea63c1b3bf7ee0d316f60239c5132a5b1115",
                "sha256:7a01dced9d7880b4107b0b7fe65fc427c8886f26f36e4ada6eec809259742767",
                "sha256:7d56c36ea9a71edb2aacdf5f628d31a9ffbf4bde025b1c9b77f707e8400dd910",
                "sha256:7f6f710e7fd07adafdda139d4d43f358da666db2544608eabf0a43b1fb5dc5a4",
                "sha256:8be68d1ddbb7a21ae2df8bf9621b7f6cc6bb6a15a49e76e105bd7fe9d88b84b3",
                "sha256:8cf102e4b7ff37e6303b310ec38585a153a31c1eed3b5ceeae0df6f01d35ae01",
                "sha256:94b3bae28d5811c400673918a0dd656f6deeb691b3530f25ee367180c822dfbe",
                "sha256:9d122c30c731226efab9d1454919bb6595275345754513017b5798378f748200",
                "sha256:a2062458a8b3646a13a93dbd557b46f57d6fc884486d4f14b1cb232c4014c03c",
                "sha256:a39205e3e0d30a35cdab72fd22808db561599cb95e7c73ca6a113b7273f15529",
                "sha256:a9389e8b5fe55b1a1b62ccbcf8df55907bbe0250536bf39c2686f6d40d6c3e5a",
                "sha256:b82470b9719dcccd1e26db132af055d5dd2fedd347ba272cc3788bf4723314de",
                "sha256:bd6aca8554745760b3aade96586272fd724438b20aaa2c7335ffb8bab293e852",
                "sha256:c1c5043fdc10629debabadb21854d8ff9f5642103d61f02df71104a270c2d0cc",
                "sha256:db9332d5b6040c3c0c6eed54fcd75b6fd592a219734c7bfb1cc5ecced82f0683",
                "sha256:e649cda58ebc5480e83db0fa217751ea5e73b3bd556ff019319acdf9a381d67c",
                "sha256:feb72207824d0e77fc5c13ade0f5c9207ce0e4d0b14aa30e7e0e16f61ec36b25"
            ],
            "index": "pypi",
            "version": "==2.0.0.dev6"
        },
        "requests": {
            "hashes": [
                "sha256:b3559a131db72c33ee969480840fff4bb6dd111de7dd27c8ee1f820f4f00231b",
                "sha256:fe75cc94a9443b9246fc7049224f75604b113c36acb93f87b80ed42c44cbb898"
            ],
            "index": "pypi",
            "version": "==2.24.0"
        },
        "tabulate": {
            "hashes": [
                "sha256:ac64cb76d53b1231d364babcd72abbb16855adac7de6665122f97b593f1eb2ba",
                "sha256:db2723a20d04bcda8522165c73eea7c300eda74e0ce852d9022e0159d7895007"
            ],
            "index": "pypi",
            "version": "==0.8.7"
        },
        "urllib3": {
            "hashes": [
                "sha256:91056c15fa70756691db97756772bb1eb9678fa585d9184f24534b100dc60f4a",
                "sha256:e7983572181f5e1522d9c98453462384ee92a0be7fac5f1413a1e35c56cc0461"
            ],
            "version": "==1.25.10"
        }
    },
    "develop": {}
}
